
Microsoft Visual Studio Solution File, Format Version 12.00
# Visual Studio Version 17
VisualStudioVersion = 17.4.33213.308
MinimumVisualStudioVersion = 10.0.40219.1
Project("{9A19103F-16F7-4668-BE54-9A1E7A4F7556}") = "Admin_App", "Admin_App\Admin_App.csproj", "{F9462836-EA8D-49FB-88F5-F78C1CE96ED4}"
EndProject
Project("{9A19103F-16F7-4668-BE54-9A1E7A4F7556}") = "Server_App", "Server_App\Server_App.csproj", "{E15BBA1D-7436-4025-A2F5-BB00DAEF61CC}"
EndProject
Project("{9A19103F-16F7-4668-BE54-9A1E7A4F7556}") = "Data_Access_Entity", "Data_Access_Entity\Data_Access_Entity.csproj", "{E05F0923-49E1-4FDD-A089-53989CD66102}"
EndProject
Project("{9A19103F-16F7-4668-BE54-9A1E7A4F7556}") = "LibraryForServer", "LibraryForServer\LibraryForServer.csproj", "{D712934D-FCD0-4E79-A98F-9156E0268773}"

=======
EndProject
Project("{FAE04EC0-301F-11D3-BF4B-00C04F79EFBC}") = "Waiter_App", "Waiter_App\Waiter_App.csproj", "{CB0D6BCA-0732-45E3-ADF8-53F84B17A789}"
EndProject
Project("{FAE04EC0-301F-11D3-BF4B-00C04F79EFBC}") = "Client_App", "Client_App\Client_App.csproj", "{F81B3472-3EA3-44E8-B904-A4B97C6C2BDA}"

EndProject
Global
	GlobalSection(SolutionConfigurationPlatforms) = preSolution
		Debug|Any CPU = Debug|Any CPU
		Release|Any CPU = Release|Any CPU
	EndGlobalSection
	GlobalSection(ProjectConfigurationPlatforms) = postSolution
		{F9462836-EA8D-49FB-88F5-F78C1CE96ED4}.Debug|Any CPU.ActiveCfg = Debug|Any CPU
		{F9462836-EA8D-49FB-88F5-F78C1CE96ED4}.Debug|Any CPU.Build.0 = Debug|Any CPU
		{F9462836-EA8D-49FB-88F5-F78C1CE96ED4}.Release|Any CPU.ActiveCfg = Release|Any CPU
		{F9462836-EA8D-49FB-88F5-F78C1CE96ED4}.Release|Any CPU.Build.0 = Release|Any CPU
		{E15BBA1D-7436-4025-A2F5-BB00DAEF61CC}.Debug|Any CPU.ActiveCfg = Debug|Any CPU
		{E15BBA1D-7436-4025-A2F5-BB00DAEF61CC}.Debug|Any CPU.Build.0 = Debug|Any CPU
		{E15BBA1D-7436-4025-A2F5-BB00DAEF61CC}.Release|Any CPU.ActiveCfg = Release|Any CPU
		{E15BBA1D-7436-4025-A2F5-BB00DAEF61CC}.Release|Any CPU.Build.0 = Release|Any CPU
		{E05F0923-49E1-4FDD-A089-53989CD66102}.Debug|Any CPU.ActiveCfg = Debug|Any CPU
		{E05F0923-49E1-4FDD-A089-53989CD66102}.Debug|Any CPU.Build.0 = Debug|Any CPU
		{E05F0923-49E1-4FDD-A089-53989CD66102}.Release|Any CPU.ActiveCfg = Release|Any CPU
		{E05F0923-49E1-4FDD-A089-53989CD66102}.Release|Any CPU.Build.0 = Release|Any CPU
		{D712934D-FCD0-4E79-A98F-9156E0268773}.Debug|Any CPU.ActiveCfg = Debug|Any CPU
		{D712934D-FCD0-4E79-A98F-9156E0268773}.Debug|Any CPU.Build.0 = Debug|Any CPU
		{D712934D-FCD0-4E79-A98F-9156E0268773}.Release|Any CPU.ActiveCfg = Release|Any CPU
		{D712934D-FCD0-4E79-A98F-9156E0268773}.Release|Any CPU.Build.0 = Release|Any CPU
	EndGlobalSection
	GlobalSection(SolutionProperties) = preSolution
		HideSolutionNode = FALSE
	EndGlobalSection
	GlobalSection(ExtensibilityGlobals) = postSolution
		SolutionGuid = {DE7D1082-5522-494A-B696-3249BB10EB83}
	EndGlobalSection
EndGlobal
